// !$*UTF8*$!
{
	archiveVersion = 1;
	classes = {
	};
	objectVersion = 46;
	objects = {

/* Begin PBXBuildFile section */
		4A268FB018CCE801006E27E3 /* FFNeuralNetTests.cpp in Sources */ = {isa = PBXBuildFile; fileRef = 4A268FAF18CCE801006E27E3 /* FFNeuralNetTests.cpp */; };
		4AC9F20A18CA4FF300BC7F0A /* libFFNetLib.a in Frameworks */ = {isa = PBXBuildFile; fileRef = 4AC9F20918CA4FF300BC7F0A /* libFFNetLib.a */; };
/* End PBXBuildFile section */

/* Begin PBXCopyFilesBuildPhase section */
		4AC9F1ED18CA303800BC7F0A /* CopyFiles */ = {
			isa = PBXCopyFilesBuildPhase;
			buildActionMask = 2147483647;
			dstPath = /usr/share/man/man1/;
			dstSubfolderSpec = 0;
			files = (
			);
			runOnlyForDeploymentPostprocessing = 1;
		};
/* End PBXCopyFilesBuildPhase section */

/* Begin PBXFileReference section */
		4A268FAF18CCE801006E27E3 /* FFNeuralNetTests.cpp */ = {isa = PBXFileReference; fileEncoding = 4; lastKnownFileType = sourcecode.cpp.cpp; path = FFNeuralNetTests.cpp; sourceTree = "<group>"; };
		4AC9F1EF18CA303800BC7F0A /* TestRunner */ = {isa = PBXFileReference; explicitFileType = "compiled.mach-o.executable"; includeInIndex = 0; path = TestRunner; sourceTree = BUILT_PRODUCTS_DIR; };
		4AC9F20918CA4FF300BC7F0A /* libFFNetLib.a */ = {isa = PBXFileReference; lastKnownFileType = archive.ar; name = libFFNetLib.a; path = Build/Products/Debug/libFFNetLib.a; sourceTree = "<group>"; };
/* End PBXFileReference section */

/* Begin PBXFrameworksBuildPhase section */
		4AC9F1EC18CA303800BC7F0A /* Frameworks */ = {
			isa = PBXFrameworksBuildPhase;
			buildActionMask = 2147483647;
			files = (
				4AC9F20A18CA4FF300BC7F0A /* libFFNetLib.a in Frameworks */,
			);
			runOnlyForDeploymentPostprocessing = 0;
		};
/* End PBXFrameworksBuildPhase section */

/* Begin PBXGroup section */
		4AC9F1E618CA303800BC7F0A = {
			isa = PBXGroup;
			children = (
				4AC9F20918CA4FF300BC7F0A /* libFFNetLib.a */,
				4AC9F1F118CA303800BC7F0A /* TestRunner */,
				4AC9F1F018CA303800BC7F0A /* Products */,
			);
			sourceTree = "<group>";
		};
		4AC9F1F018CA303800BC7F0A /* Products */ = {
			isa = PBXGroup;
			children = (
				4AC9F1EF18CA303800BC7F0A /* TestRunner */,
			);
			name = Products;
			sourceTree = "<group>";
		};
		4AC9F1F118CA303800BC7F0A /* TestRunner */ = {
			isa = PBXGroup;
			children = (
				4A268FAF18CCE801006E27E3 /* FFNeuralNetTests.cpp */,
			);
			name = TestRunner;
			path = ../test;
			sourceTree = "<group>";
		};
/* End PBXGroup section */

/* Begin PBXNativeTarget section */
		4AC9F1EE18CA303800BC7F0A /* TestRunner */ = {
			isa = PBXNativeTarget;
			buildConfigurationList = 4AC9F1F818CA303800BC7F0A /* Build configuration list for PBXNativeTarget "TestRunner" */;
			buildPhases = (
				4AC9F1EB18CA303800BC7F0A /* Sources */,
				4AC9F1EC18CA303800BC7F0A /* Frameworks */,
				4AC9F1ED18CA303800BC7F0A /* CopyFiles */,
			);
			buildRules = (
			);
			dependencies = (
			);
			name = TestRunner;
			productName = TestRunner;
			productReference = 4AC9F1EF18CA303800BC7F0A /* TestRunner */;
			productType = "com.apple.product-type.tool";
		};
/* End PBXNativeTarget section */

/* Begin PBXProject section */
		4AC9F1E718CA303800BC7F0A /* Project object */ = {
			isa = PBXProject;
			attributes = {
				LastUpgradeCheck = 0500;
				ORGANIZATIONNAME = "Cognitive Research Systems";
			};
			buildConfigurationList = 4AC9F1EA18CA303800BC7F0A /* Build configuration list for PBXProject "TestRunner" */;
			compatibilityVersion = "Xcode 3.2";
			developmentRegion = English;
			hasScannedForEncodings = 0;
			knownRegions = (
				en,
			);
			mainGroup = 4AC9F1E618CA303800BC7F0A;
			productRefGroup = 4AC9F1F018CA303800BC7F0A /* Products */;
			projectDirPath = "";
			projectRoot = "";
			targets = (
				4AC9F1EE18CA303800BC7F0A /* TestRunner */,
			);
		};
/* End PBXProject section */

/* Begin PBXSourcesBuildPhase section */
		4AC9F1EB18CA303800BC7F0A /* Sources */ = {
			isa = PBXSourcesBuildPhase;
			buildActionMask = 2147483647;
			files = (
				4A268FB018CCE801006E27E3 /* FFNeuralNetTests.cpp in Sources */,
			);
			runOnlyForDeploymentPostprocessing = 0;
		};
/* End PBXSourcesBuildPhase section */

/* Begin XCBuildConfiguration section */
		4AC9F1F618CA303800BC7F0A /* Debug */ = {
			isa = XCBuildConfiguration;
			buildSettings = {
				ALWAYS_SEARCH_USER_PATHS = NO;
				CLANG_CXX_LANGUAGE_STANDARD = "gnu++0x";
				CLANG_CXX_LIBRARY = "libc++";
				CLANG_ENABLE_OBJC_ARC = YES;
				CLANG_WARN_BOOL_CONVERSION = YES;
				CLANG_WARN_CONSTANT_CONVERSION = YES;
				CLANG_WARN_DIRECT_OBJC_ISA_USAGE = YES_ERROR;
				CLANG_WARN_EMPTY_BODY = YES;
				CLANG_WARN_ENUM_CONVERSION = YES;
				CLANG_WARN_INT_CONVERSION = YES;
				CLANG_WARN_OBJC_ROOT_CLASS = YES_ERROR;
				CLANG_WARN__DUPLICATE_METHOD_MATCH = YES;
				COPY_PHASE_STRIP = NO;
				FRAMEWORK_SEARCH_PATHS = "";
				GCC_C_LANGUAGE_STANDARD = gnu99;
				GCC_DYNAMIC_NO_PIC = NO;
				GCC_ENABLE_OBJC_EXCEPTIONS = YES;
				GCC_OPTIMIZATION_LEVEL = 0;
				GCC_PREPROCESSOR_DEFINITIONS = (
					"DEBUG=1",
					"$(inherited)",
				);
				GCC_SYMBOLS_PRIVATE_EXTERN = NO;
				GCC_WARN_64_TO_32_BIT_CONVERSION = YES;
				GCC_WARN_ABOUT_RETURN_TYPE = YES_ERROR;
				GCC_WARN_UNDECLARED_SELECTOR = YES;
				GCC_WARN_UNINITIALIZED_AUTOS = YES;
				GCC_WARN_UNUSED_FUNCTION = YES;
				GCC_WARN_UNUSED_VARIABLE = YES;
				HEADER_SEARCH_PATHS = (
					"$(inherited)",
					/Applications/Xcode.app/Contents/Developer/Toolchains/XcodeDefault.xctoolchain/usr/include,
				);
				LIBRARY_SEARCH_PATHS = "";
				MACOSX_DEPLOYMENT_TARGET = 10.9;
				ONLY_ACTIVE_ARCH = YES;
				SDKROOT = macosx;
			};
			name = Debug;
		};
		4AC9F1F718CA303800BC7F0A /* Release */ = {
			isa = XCBuildConfiguration;
			buildSettings = {
				ALWAYS_SEARCH_USER_PATHS = NO;
				CLANG_CXX_LANGUAGE_STANDARD = "gnu++0x";
				CLANG_CXX_LIBRARY = "libc++";
				CLANG_ENABLE_OBJC_ARC = YES;
				CLANG_WARN_BOOL_CONVERSION = YES;
				CLANG_WARN_CONSTANT_CONVERSION = YES;
				CLANG_WARN_DIRECT_OBJC_ISA_USAGE = YES_ERROR;
				CLANG_WARN_EMPTY_BODY = YES;
				CLANG_WARN_ENUM_CONVERSION = YES;
				CLANG_WARN_INT_CONVERSION = YES;
				CLANG_WARN_OBJC_ROOT_CLASS = YES_ERROR;
				CLANG_WARN__DUPLICATE_METHOD_MATCH = YES;
				COPY_PHASE_STRIP = YES;
				DEBUG_INFORMATION_FORMAT = "dwarf-with-dsym";
				ENABLE_NS_ASSERTIONS = NO;
				FRAMEWORK_SEARCH_PATHS = "";
				GCC_C_LANGUAGE_STANDARD = gnu99;
				GCC_ENABLE_OBJC_EXCEPTIONS = YES;
				GCC_WARN_64_TO_32_BIT_CONVERSION = YES;
				GCC_WARN_ABOUT_RETURN_TYPE = YES_ERROR;
				GCC_WARN_UNDECLARED_SELECTOR = YES;
				GCC_WARN_UNINITIALIZED_AUTOS = YES;
				GCC_WARN_UNUSED_FUNCTION = YES;
				GCC_WARN_UNUSED_VARIABLE = YES;
				HEADER_SEARCH_PATHS = (
					"$(inherited)",
					/Applications/Xcode.app/Contents/Developer/Toolchains/XcodeDefault.xctoolchain/usr/include,
				);
				LIBRARY_SEARCH_PATHS = "";
				MACOSX_DEPLOYMENT_TARGET = 10.9;
				SDKROOT = macosx;
			};
			name = Release;
		};
		4AC9F1F918CA303800BC7F0A /* Debug */ = {
			isa = XCBuildConfiguration;
			buildSettings = {
				"ADDITIONAL_SDKS[arch=*]" = "";
				FRAMEWORK_SEARCH_PATHS = (
					"$(inherited)",
					/Users/phil/Workspace/FFNeuralNet/XCode5,
				);
				HEADER_SEARCH_PATHS = (
					"$(inherited)",
					/Applications/Xcode.app/Contents/Developer/Toolchains/XcodeDefault.xctoolchain/usr/include,
					../src,
					../lib,
					../lib/eigen,
				);
				LIBRARY_SEARCH_PATHS = /Users/phil/Workspace/FFNeuralNet/lib/boost/bin;
				PRODUCT_NAME = "$(TARGET_NAME)";
				"TEST_HOST[sdk=*]" = "";
			};
			name = Debug;
		};
		4AC9F1FA18CA303800BC7F0A /* Release */ = {
			isa = XCBuildConfiguration;
			buildSettings = {
				FRAMEWORK_SEARCH_PATHS = (
					"$(inherited)",
					/Users/phil/Workspace/FFNeuralNet/XCode5,
				);
				HEADER_SEARCH_PATHS = (
					"$(inherited)",
					/Applications/Xcode.app/Contents/Developer/Toolchains/XcodeDefault.xctoolchain/usr/include,
					../src,
					../lib,
					../lib/eigen,
				);
				LIBRARY_SEARCH_PATHS = /Users/phil/Workspace/FFNeuralNet/lib/boost/bin;
				PRODUCT_NAME = "$(TARGET_NAME)";
			};
			name = Release;
		};
/* End XCBuildConfiguration section */

/* Begin XCConfigurationList section */
		4AC9F1EA18CA303800BC7F0A /* Build configuration list for PBXProject "TestRunner" */ = {
			isa = XCConfigurationList;
			buildConfigurations = (
				4AC9F1F618CA303800BC7F0A /* Debug */,
				4AC9F1F718CA303800BC7F0A /* Release */,
			);
			defaultConfigurationIsVisible = 0;
			defaultConfigurationName = Release;
		};
		4AC9F1F818CA303800BC7F0A /* Build configuration list for PBXNativeTarget "TestRunner" */ = {
			isa = XCConfigurationList;
			buildConfigurations = (
				4AC9F1F918CA303800BC7F0A /* Debug */,
				4AC9F1FA18CA303800BC7F0A /* Release */,
			);
			defaultConfigurationIsVisible = 0;
			defaultConfigurationName = Release;
		};
/* End XCConfigurationList section */
	};
	rootObject = 4AC9F1E718CA303800BC7F0A /* Project object */;
}
